
Microsoft Visual Studio Solution File, Format Version 12.00
# Visual Studio 15
VisualStudioVersion = 15.0.28307.271
MinimumVisualStudioVersion = 10.0.40219.1
Project("{FAE04EC0-301F-11D3-BF4B-00C04F79EFBC}") = "Day16TodosDB", "Day16TodosDB\Day16TodosDB.csproj", "{84EBEFD7-34A6-443F-8966-AEA1E1D74434}"
EndProject
Global
	GlobalSection(SolutionConfigurationPlatforms) = preSolution
		Debug|Any CPU = Debug|Any CPU
		Release|Any CPU = Release|Any CPU
	EndGlobalSection
	GlobalSection(ProjectConfigurationPlatforms) = postSolution
		{84EBEFD7-34A6-443F-8966-AEA1E1D74434}.Debug|Any CPU.ActiveCfg = Debug|Any CPU
		{84EBEFD7-34A6-443F-8966-AEA1E1D74434}.Debug|Any CPU.Build.0 = Debug|Any CPU
		{84EBEFD7-34A6-443F-8966-AEA1E1D74434}.Release|Any CPU.ActiveCfg = Release|Any CPU
		{84EBEFD7-34A6-443F-8966-AEA1E1D74434}.Release|Any CPU.Build.0 = Release|Any CPU
	EndGlobalSection
	GlobalSection(SolutionProperties) = preSolution
		HideSolutionNode = FALSE
	EndGlobalSection
	GlobalSection(ExtensibilityGlobals) = postSolution
		SolutionGuid = {87A2C8F3-1D2E-4755-858E-5AF43C8C9642}
	EndGlobalSection
EndGlobal
