
Microsoft Visual Studio Solution File, Format Version 12.00
# Visual Studio 15
VisualStudioVersion = 15.0.28307.271
MinimumVisualStudioVersion = 10.0.40219.1
Project("{FAE04EC0-301F-11D3-BF4B-00C04F79EFBC}") = "Day20CarsAndOwnersEF", "Day20CarsAndOwnersEF\Day20CarsAndOwnersEF.csproj", "{76923F4B-4FD0-4802-9534-598E9FF71510}"
EndProject
Global
	GlobalSection(SolutionConfigurationPlatforms) = preSolution
		Debug|Any CPU = Debug|Any CPU
		Release|Any CPU = Release|Any CPU
	EndGlobalSection
	GlobalSection(ProjectConfigurationPlatforms) = postSolution
		{76923F4B-4FD0-4802-9534-598E9FF71510}.Debug|Any CPU.ActiveCfg = Debug|Any CPU
		{76923F4B-4FD0-4802-9534-598E9FF71510}.Debug|Any CPU.Build.0 = Debug|Any CPU
		{76923F4B-4FD0-4802-9534-598E9FF71510}.Release|Any CPU.ActiveCfg = Release|Any CPU
		{76923F4B-4FD0-4802-9534-598E9FF71510}.Release|Any CPU.Build.0 = Release|Any CPU
	EndGlobalSection
	GlobalSection(SolutionProperties) = preSolution
		HideSolutionNode = FALSE
	EndGlobalSection
	GlobalSection(ExtensibilityGlobals) = postSolution
		SolutionGuid = {D7037947-B6E7-470E-A1ED-2CB66BC46CE5}
	EndGlobalSection
EndGlobal
