
Microsoft Visual Studio Solution File, Format Version 12.00
# Visual Studio 15
VisualStudioVersion = 15.0.28307.271
MinimumVisualStudioVersion = 10.0.40219.1
Project("{FAE04EC0-301F-11D3-BF4B-00C04F79EFBC}") = "Day07Converter", "Day07Converter\Day07Converter.csproj", "{1D711615-EFE6-4E61-B8BC-24657ADA807A}"
EndProject
Global
	GlobalSection(SolutionConfigurationPlatforms) = preSolution
		Debug|Any CPU = Debug|Any CPU
		Release|Any CPU = Release|Any CPU
	EndGlobalSection
	GlobalSection(ProjectConfigurationPlatforms) = postSolution
		{1D711615-EFE6-4E61-B8BC-24657ADA807A}.Debug|Any CPU.ActiveCfg = Debug|Any CPU
		{1D711615-EFE6-4E61-B8BC-24657ADA807A}.Debug|Any CPU.Build.0 = Debug|Any CPU
		{1D711615-EFE6-4E61-B8BC-24657ADA807A}.Release|Any CPU.ActiveCfg = Release|Any CPU
		{1D711615-EFE6-4E61-B8BC-24657ADA807A}.Release|Any CPU.Build.0 = Release|Any CPU
	EndGlobalSection
	GlobalSection(SolutionProperties) = preSolution
		HideSolutionNode = FALSE
	EndGlobalSection
	GlobalSection(ExtensibilityGlobals) = postSolution
		SolutionGuid = {53A9BABA-075D-4802-AFA6-2A61E4F300FC}
	EndGlobalSection
EndGlobal
