
Microsoft Visual Studio Solution File, Format Version 12.00
# Visual Studio 15
VisualStudioVersion = 15.0.28307.271
MinimumVisualStudioVersion = 10.0.40219.1
Project("{FAE04EC0-301F-11D3-BF4B-00C04F79EFBC}") = "Day21Indexer", "Day21Indexer\Day21Indexer.csproj", "{4F28D86A-6383-41E7-8C24-DEEAE069E1D9}"
EndProject
Global
	GlobalSection(SolutionConfigurationPlatforms) = preSolution
		Debug|Any CPU = Debug|Any CPU
		Release|Any CPU = Release|Any CPU
	EndGlobalSection
	GlobalSection(ProjectConfigurationPlatforms) = postSolution
		{4F28D86A-6383-41E7-8C24-DEEAE069E1D9}.Debug|Any CPU.ActiveCfg = Debug|Any CPU
		{4F28D86A-6383-41E7-8C24-DEEAE069E1D9}.Debug|Any CPU.Build.0 = Debug|Any CPU
		{4F28D86A-6383-41E7-8C24-DEEAE069E1D9}.Release|Any CPU.ActiveCfg = Release|Any CPU
		{4F28D86A-6383-41E7-8C24-DEEAE069E1D9}.Release|Any CPU.Build.0 = Release|Any CPU
	EndGlobalSection
	GlobalSection(SolutionProperties) = preSolution
		HideSolutionNode = FALSE
	EndGlobalSection
	GlobalSection(ExtensibilityGlobals) = postSolution
		SolutionGuid = {989BF0DB-9E4E-42AF-9B6B-41910CD5C31C}
	EndGlobalSection
EndGlobal
