
Microsoft Visual Studio Solution File, Format Version 12.00
# Visual Studio 15
VisualStudioVersion = 15.0.28307.271
MinimumVisualStudioVersion = 10.0.40219.1
Project("{FAE04EC0-301F-11D3-BF4B-00C04F79EFBC}") = "Day12Notepad", "Day12Notepad\Day12Notepad.csproj", "{F75D1DB7-23D3-4B04-82DD-BC7085A31766}"
EndProject
Global
	GlobalSection(SolutionConfigurationPlatforms) = preSolution
		Debug|Any CPU = Debug|Any CPU
		Release|Any CPU = Release|Any CPU
	EndGlobalSection
	GlobalSection(ProjectConfigurationPlatforms) = postSolution
		{F75D1DB7-23D3-4B04-82DD-BC7085A31766}.Debug|Any CPU.ActiveCfg = Debug|Any CPU
		{F75D1DB7-23D3-4B04-82DD-BC7085A31766}.Debug|Any CPU.Build.0 = Debug|Any CPU
		{F75D1DB7-23D3-4B04-82DD-BC7085A31766}.Release|Any CPU.ActiveCfg = Release|Any CPU
		{F75D1DB7-23D3-4B04-82DD-BC7085A31766}.Release|Any CPU.Build.0 = Release|Any CPU
	EndGlobalSection
	GlobalSection(SolutionProperties) = preSolution
		HideSolutionNode = FALSE
	EndGlobalSection
	GlobalSection(ExtensibilityGlobals) = postSolution
		SolutionGuid = {44518EB2-3EE0-4E62-9DF9-0AE1F6F1D5B1}
	EndGlobalSection
EndGlobal
