
Microsoft Visual Studio Solution File, Format Version 12.00
# Visual Studio 15
VisualStudioVersion = 15.0.28307.271
MinimumVisualStudioVersion = 10.0.40219.1
Project("{FAE04EC0-301F-11D3-BF4B-00C04F79EFBC}") = "Day08MultiConvert", "Day08MultiConvert\Day08MultiConvert.csproj", "{2324B06F-752F-4428-AEF6-70D2F7C6D755}"
EndProject
Global
	GlobalSection(SolutionConfigurationPlatforms) = preSolution
		Debug|Any CPU = Debug|Any CPU
		Release|Any CPU = Release|Any CPU
	EndGlobalSection
	GlobalSection(ProjectConfigurationPlatforms) = postSolution
		{2324B06F-752F-4428-AEF6-70D2F7C6D755}.Debug|Any CPU.ActiveCfg = Debug|Any CPU
		{2324B06F-752F-4428-AEF6-70D2F7C6D755}.Debug|Any CPU.Build.0 = Debug|Any CPU
		{2324B06F-752F-4428-AEF6-70D2F7C6D755}.Release|Any CPU.ActiveCfg = Release|Any CPU
		{2324B06F-752F-4428-AEF6-70D2F7C6D755}.Release|Any CPU.Build.0 = Release|Any CPU
	EndGlobalSection
	GlobalSection(SolutionProperties) = preSolution
		HideSolutionNode = FALSE
	EndGlobalSection
	GlobalSection(ExtensibilityGlobals) = postSolution
		SolutionGuid = {463B8772-36B8-4AF2-9C5B-C1E644FBF6D0}
	EndGlobalSection
EndGlobal
