
Microsoft Visual Studio Solution File, Format Version 12.00
# Visual Studio 15
VisualStudioVersion = 15.0.28307.271
MinimumVisualStudioVersion = 10.0.40219.1
Project("{FAE04EC0-301F-11D3-BF4B-00C04F79EFBC}") = "Day19FirstEF", "Day19FirstEF\Day19FirstEF.csproj", "{B05A5108-B7EF-4544-80DE-62413CBBD4DD}"
EndProject
Global
	GlobalSection(SolutionConfigurationPlatforms) = preSolution
		Debug|Any CPU = Debug|Any CPU
		Release|Any CPU = Release|Any CPU
	EndGlobalSection
	GlobalSection(ProjectConfigurationPlatforms) = postSolution
		{B05A5108-B7EF-4544-80DE-62413CBBD4DD}.Debug|Any CPU.ActiveCfg = Debug|Any CPU
		{B05A5108-B7EF-4544-80DE-62413CBBD4DD}.Debug|Any CPU.Build.0 = Debug|Any CPU
		{B05A5108-B7EF-4544-80DE-62413CBBD4DD}.Release|Any CPU.ActiveCfg = Release|Any CPU
		{B05A5108-B7EF-4544-80DE-62413CBBD4DD}.Release|Any CPU.Build.0 = Release|Any CPU
	EndGlobalSection
	GlobalSection(SolutionProperties) = preSolution
		HideSolutionNode = FALSE
	EndGlobalSection
	GlobalSection(ExtensibilityGlobals) = postSolution
		SolutionGuid = {D48272A7-1261-467E-97C3-627D522DF646}
	EndGlobalSection
EndGlobal
