
Microsoft Visual Studio Solution File, Format Version 12.00
# Visual Studio 15
VisualStudioVersion = 15.0.28307.271
MinimumVisualStudioVersion = 10.0.40219.1
Project("{FAE04EC0-301F-11D3-BF4B-00C04F79EFBC}") = "Day05AirportTravel", "Day05AirportTravel\Day05AirportTravel.csproj", "{0BAF2812-FDBA-4FE2-9A44-D9834D50B8B5}"
EndProject
Global
	GlobalSection(SolutionConfigurationPlatforms) = preSolution
		Debug|Any CPU = Debug|Any CPU
		Release|Any CPU = Release|Any CPU
	EndGlobalSection
	GlobalSection(ProjectConfigurationPlatforms) = postSolution
		{0BAF2812-FDBA-4FE2-9A44-D9834D50B8B5}.Debug|Any CPU.ActiveCfg = Debug|Any CPU
		{0BAF2812-FDBA-4FE2-9A44-D9834D50B8B5}.Debug|Any CPU.Build.0 = Debug|Any CPU
		{0BAF2812-FDBA-4FE2-9A44-D9834D50B8B5}.Release|Any CPU.ActiveCfg = Release|Any CPU
		{0BAF2812-FDBA-4FE2-9A44-D9834D50B8B5}.Release|Any CPU.Build.0 = Release|Any CPU
	EndGlobalSection
	GlobalSection(SolutionProperties) = preSolution
		HideSolutionNode = FALSE
	EndGlobalSection
	GlobalSection(ExtensibilityGlobals) = postSolution
		SolutionGuid = {B7583F27-7846-490F-AED6-F2DAD89D9E2D}
	EndGlobalSection
EndGlobal
