
Microsoft Visual Studio Solution File, Format Version 12.00
# Visual Studio 15
VisualStudioVersion = 15.0.28307.271
MinimumVisualStudioVersion = 10.0.40219.1
Project("{FAE04EC0-301F-11D3-BF4B-00C04F79EFBC}") = "Day01Find", "Day01Find\Day01Find.csproj", "{C82D0DFF-4E2A-4373-945A-46F2D7651408}"
EndProject
Global
	GlobalSection(SolutionConfigurationPlatforms) = preSolution
		Debug|Any CPU = Debug|Any CPU
		Release|Any CPU = Release|Any CPU
	EndGlobalSection
	GlobalSection(ProjectConfigurationPlatforms) = postSolution
		{C82D0DFF-4E2A-4373-945A-46F2D7651408}.Debug|Any CPU.ActiveCfg = Debug|Any CPU
		{C82D0DFF-4E2A-4373-945A-46F2D7651408}.Debug|Any CPU.Build.0 = Debug|Any CPU
		{C82D0DFF-4E2A-4373-945A-46F2D7651408}.Release|Any CPU.ActiveCfg = Release|Any CPU
		{C82D0DFF-4E2A-4373-945A-46F2D7651408}.Release|Any CPU.Build.0 = Release|Any CPU
	EndGlobalSection
	GlobalSection(SolutionProperties) = preSolution
		HideSolutionNode = FALSE
	EndGlobalSection
	GlobalSection(ExtensibilityGlobals) = postSolution
		SolutionGuid = {0B734392-C69D-423C-AD9C-9EB69DA9BD23}
	EndGlobalSection
EndGlobal
