
Microsoft Visual Studio Solution File, Format Version 12.00
# Visual Studio 15
VisualStudioVersion = 15.0.28307.271
MinimumVisualStudioVersion = 10.0.40219.1
Project("{FAE04EC0-301F-11D3-BF4B-00C04F79EFBC}") = "Day08TicTacToe", "Day08TicTacToe\Day08TicTacToe.csproj", "{0EC21888-25BD-4C6D-B2AC-E3C1B057D257}"
EndProject
Global
	GlobalSection(SolutionConfigurationPlatforms) = preSolution
		Debug|Any CPU = Debug|Any CPU
		Release|Any CPU = Release|Any CPU
	EndGlobalSection
	GlobalSection(ProjectConfigurationPlatforms) = postSolution
		{0EC21888-25BD-4C6D-B2AC-E3C1B057D257}.Debug|Any CPU.ActiveCfg = Debug|Any CPU
		{0EC21888-25BD-4C6D-B2AC-E3C1B057D257}.Debug|Any CPU.Build.0 = Debug|Any CPU
		{0EC21888-25BD-4C6D-B2AC-E3C1B057D257}.Release|Any CPU.ActiveCfg = Release|Any CPU
		{0EC21888-25BD-4C6D-B2AC-E3C1B057D257}.Release|Any CPU.Build.0 = Release|Any CPU
	EndGlobalSection
	GlobalSection(SolutionProperties) = preSolution
		HideSolutionNode = FALSE
	EndGlobalSection
	GlobalSection(ExtensibilityGlobals) = postSolution
		SolutionGuid = {83AF547C-7487-4B98-BDD4-65F48EC24F6E}
	EndGlobalSection
EndGlobal
