
Microsoft Visual Studio Solution File, Format Version 12.00
# Visual Studio 15
VisualStudioVersion = 15.0.28307.271
MinimumVisualStudioVersion = 10.0.40219.1
Project("{FAE04EC0-301F-11D3-BF4B-00C04F79EFBC}") = "Day03Homeworks", "Day03Homeworks\Day03Homeworks.csproj", "{F32AA1DC-109C-47F0-907F-371C8A705353}"
EndProject
Global
	GlobalSection(SolutionConfigurationPlatforms) = preSolution
		Debug|Any CPU = Debug|Any CPU
		Release|Any CPU = Release|Any CPU
	EndGlobalSection
	GlobalSection(ProjectConfigurationPlatforms) = postSolution
		{F32AA1DC-109C-47F0-907F-371C8A705353}.Debug|Any CPU.ActiveCfg = Debug|Any CPU
		{F32AA1DC-109C-47F0-907F-371C8A705353}.Debug|Any CPU.Build.0 = Debug|Any CPU
		{F32AA1DC-109C-47F0-907F-371C8A705353}.Release|Any CPU.ActiveCfg = Release|Any CPU
		{F32AA1DC-109C-47F0-907F-371C8A705353}.Release|Any CPU.Build.0 = Release|Any CPU
	EndGlobalSection
	GlobalSection(SolutionProperties) = preSolution
		HideSolutionNode = FALSE
	EndGlobalSection
	GlobalSection(ExtensibilityGlobals) = postSolution
		SolutionGuid = {253BC947-371A-4569-B25A-F8F07F44A1E2}
	EndGlobalSection
EndGlobal
