
Microsoft Visual Studio Solution File, Format Version 12.00
# Visual Studio 15
VisualStudioVersion = 15.0.28307.271
MinimumVisualStudioVersion = 10.0.40219.1
Project("{FAE04EC0-301F-11D3-BF4B-00C04F79EFBC}") = "Day05ManyPeople", "Day05ManyPeople\Day05ManyPeople.csproj", "{57F05113-2E48-450A-A106-166C5FC519E5}"
EndProject
Global
	GlobalSection(SolutionConfigurationPlatforms) = preSolution
		Debug|Any CPU = Debug|Any CPU
		Release|Any CPU = Release|Any CPU
	EndGlobalSection
	GlobalSection(ProjectConfigurationPlatforms) = postSolution
		{57F05113-2E48-450A-A106-166C5FC519E5}.Debug|Any CPU.ActiveCfg = Debug|Any CPU
		{57F05113-2E48-450A-A106-166C5FC519E5}.Debug|Any CPU.Build.0 = Debug|Any CPU
		{57F05113-2E48-450A-A106-166C5FC519E5}.Release|Any CPU.ActiveCfg = Release|Any CPU
		{57F05113-2E48-450A-A106-166C5FC519E5}.Release|Any CPU.Build.0 = Release|Any CPU
	EndGlobalSection
	GlobalSection(SolutionProperties) = preSolution
		HideSolutionNode = FALSE
	EndGlobalSection
	GlobalSection(ExtensibilityGlobals) = postSolution
		SolutionGuid = {71B6FA8E-1A89-4426-B8AE-380BB2AFAE83}
	EndGlobalSection
EndGlobal
